
Microsoft Visual Studio Solution File, Format Version 12.00
# Visual Studio Version 17
VisualStudioVersion = 17.2.32526.322
MinimumVisualStudioVersion = 10.0.40219.1
Project("{FAE04EC0-301F-11D3-BF4B-00C04F79EFBC}") = "RestaurantWeb", "RestaurantWeb\RestaurantWeb.csproj", "{52D36729-3BF0-4DD1-8BD4-275165B452B1}"
EndProject
Global
	GlobalSection(SolutionConfigurationPlatforms) = preSolution
		Debug|Any CPU = Debug|Any CPU
		Release|Any CPU = Release|Any CPU
	EndGlobalSection
	GlobalSection(ProjectConfigurationPlatforms) = postSolution
		{52D36729-3BF0-4DD1-8BD4-275165B452B1}.Debug|Any CPU.ActiveCfg = Debug|Any CPU
		{52D36729-3BF0-4DD1-8BD4-275165B452B1}.Debug|Any CPU.Build.0 = Debug|Any CPU
		{52D36729-3BF0-4DD1-8BD4-275165B452B1}.Release|Any CPU.ActiveCfg = Release|Any CPU
		{52D36729-3BF0-4DD1-8BD4-275165B452B1}.Release|Any CPU.Build.0 = Release|Any CPU
	EndGlobalSection
	GlobalSection(SolutionProperties) = preSolution
		HideSolutionNode = FALSE
	EndGlobalSection
	GlobalSection(ExtensibilityGlobals) = postSolution
		SolutionGuid = {7EE3F216-7113-4226-A027-119CC128A5AA}
	EndGlobalSection
EndGlobal
